<?xml version="1.0" encoding="utf-8"?>
<Project ToolsVersion="4.0" xmlns="http://schemas.microsoft.com/developer/msbuild/2003">
  <ItemGroup>
    <ClCompile Include="src\main.cpp" />
    <ClCompile Include="src\test_r2cm\base_test.cpp">
      <Filter>test_r2cm</Filter>
    </ClCompile>
    <ClCompile Include="src\test_r2cm\empty_test.cpp">
      <Filter>test_r2cm</Filter>
    </ClCompile>
    <ClCompile Include="src\test_r2cm\inspector_test.cpp">
      <Filter>test_r2cm</Filter>
    </ClCompile>
    <ClCompile Include="src\test_r2cm\key_test.cpp">
      <Filter>test_r2cm</Filter>
    </ClCompile>
    <ClCompile Include="src\test_r2cm\RootMenu.cpp">
      <Filter>test_r2cm</Filter>
    </ClCompile>
    <ClCompile Include="src\r2cm\r2cm_Director.cpp">
      <Filter>r2cm</Filter>
    </ClCompile>
    <ClCompile Include="src\r2cm\r2cm_Menu.cpp">
      <Filter>r2cm</Filter>
    </ClCompile>
    <ClCompile Include="src\r2cm\r2cm_Inspector.cpp">
      <Filter>r2cm</Filter>
    </ClCompile>
    <ClCompile Include="src\test_r2cm\AnotherMenu.cpp">
      <Filter>test_r2cm</Filter>
    </ClCompile>
    <ClCompile Include="src\r2cm\r2cm_WindowUtility.cpp">
      <Filter>r2cm</Filter>
    </ClCompile>
    <ClCompile Include="src\test_r2cm\window_utility_test.cpp">
      <Filter>test_r2cm</Filter>
    </ClCompile>
    <ClCompile Include="src\test_r2cm\color_test.cpp">
      <Filter>test_r2cm</Filter>
    </ClCompile>
    <ClCompile Include="src\r2cm\r2cm_StopWatch.cpp">
      <Filter>r2cm</Filter>
    </ClCompile>
  </ItemGroup>
  <ItemGroup>
    <ClInclude Include="src\test_r2cm\base_test.h">
      <Filter>test_r2cm</Filter>
    </ClInclude>
    <ClInclude Include="src\test_r2cm\empty_test.h">
      <Filter>test_r2cm</Filter>
    </ClInclude>
    <ClInclude Include="src\test_r2cm\inspector_test.h">
      <Filter>test_r2cm</Filter>
    </ClInclude>
    <ClInclude Include="src\test_r2cm\key_test.h">
      <Filter>test_r2cm</Filter>
    </ClInclude>
    <ClInclude Include="src\test_r2cm\RootMenu.h">
      <Filter>test_r2cm</Filter>
    </ClInclude>
    <ClInclude Include="src\r2cm\r2cm_Director.h">
      <Filter>r2cm</Filter>
    </ClInclude>
    <ClInclude Include="src\r2cm\r2cm_iItem.h">
      <Filter>r2cm</Filter>
    </ClInclude>
    <ClInclude Include="src\r2cm\r2cm_Menu.h">
      <Filter>r2cm</Filter>
    </ClInclude>
    <ClInclude Include="src\r2cm\r2cm_Inspector.h">
      <Filter>r2cm</Filter>
    </ClInclude>
    <ClInclude Include="src\r2cm\r2cm_Singleton.h">
      <Filter>r2cm</Filter>
    </ClInclude>
    <ClInclude Include="src\test_r2cm\AnotherMenu.h">
      <Filter>test_r2cm</Filter>
    </ClInclude>
    <ClInclude Include="src\r2cm\r2cm_WindowUtility.h">
      <Filter>r2cm</Filter>
    </ClInclude>
    <ClInclude Include="src\test_r2cm\window_utility_test.h">
      <Filter>test_r2cm</Filter>
    </ClInclude>
    <ClInclude Include="src\test_r2cm\color_test.h">
      <Filter>test_r2cm</Filter>
    </ClInclude>
    <ClInclude Include="src\r2cm\r2cm_VersionInfo.h">
      <Filter>r2cm</Filter>
    </ClInclude>
    <ClInclude Include="src\r2cm\r2cm_ostream.h">
      <Filter>r2cm</Filter>
    </ClInclude>
    <ClInclude Include="src\r2cm\r2cm_StopWatch.h">
      <Filter>r2cm</Filter>
    </ClInclude>
  </ItemGroup>
  <ItemGroup>
    <Filter Include="test_r2cm">
      <UniqueIdentifier>{034bdfbb-95cf-4545-9d78-fea3afa17c7c}</UniqueIdentifier>
    </Filter>
    <Filter Include="r2cm">
      <UniqueIdentifier>{fbb86807-2446-4275-b7e7-dd7acc80e1b3}</UniqueIdentifier>
    </Filter>
  </ItemGroup>
</Project>