<?xml version="1.0" encoding="utf-8"?>
<Project ToolsVersion="4.0" xmlns="http://schemas.microsoft.com/developer/msbuild/2003">
  <ItemGroup>
    <ClCompile Include="src\pch.cpp" />
    <ClCompile Include="src\main.cpp" />
    <ClCompile Include="src\r2\r2_PointInt.cpp">
      <Filter>r2</Filter>
    </ClCompile>
    <ClCompile Include="src\r2\r2_RectInt.cpp">
      <Filter>r2</Filter>
    </ClCompile>
    <ClCompile Include="src\r2\r2_Size.cpp">
      <Filter>r2</Filter>
    </ClCompile>
    <ClCompile Include="src\r2\r2_Timer_Float.cpp">
      <Filter>r2</Filter>
    </ClCompile>
    <ClCompile Include="src\r2\r2_FPSTimer.cpp">
      <Filter>r2</Filter>
    </ClCompile>
    <ClCompile Include="src\input\r2input_Constant.cpp">
      <Filter>input</Filter>
    </ClCompile>
    <ClCompile Include="src\input\r2input_KeyboardInputCollector.cpp">
      <Filter>input</Filter>
    </ClCompile>
    <ClCompile Include="src\input\r2input_KeyboardInputListener.cpp">
      <Filter>input</Filter>
    </ClCompile>
    <ClCompile Include="src\test_r2cm\base_test.cpp">
      <Filter>test_r2cm</Filter>
    </ClCompile>
    <ClCompile Include="src\test_r2cm\empty_test.cpp">
      <Filter>test_r2cm</Filter>
    </ClCompile>
    <ClCompile Include="src\test_r2cm\inspector_test.cpp">
      <Filter>test_r2cm</Filter>
    </ClCompile>
    <ClCompile Include="src\test_r2cm\key_test.cpp">
      <Filter>test_r2cm</Filter>
    </ClCompile>
    <ClCompile Include="src\test_r2cm\window_input_test.cpp">
      <Filter>test_r2cm</Filter>
    </ClCompile>
    <ClCompile Include="src\test_r2cm\InputMenu.cpp">
      <Filter>test_r2cm</Filter>
    </ClCompile>
    <ClCompile Include="src\test_r2cm\RootMenu.cpp">
      <Filter>test_r2cm</Filter>
    </ClCompile>
    <ClCompile Include="src\r2cm\r2cm_Director.cpp">
      <Filter>r2cm</Filter>
    </ClCompile>
    <ClCompile Include="src\r2cm\r2cm_Menu.cpp">
      <Filter>r2cm</Filter>
    </ClCompile>
    <ClCompile Include="src\r2cm\r2cm_Inspector.cpp">
      <Filter>r2cm</Filter>
    </ClCompile>
  </ItemGroup>
  <ItemGroup>
    <ClInclude Include="src\pch.h" />
    <ClInclude Include="src\r2\r2_Point.h">
      <Filter>r2</Filter>
    </ClInclude>
    <ClInclude Include="src\r2\r2_PointInt.h">
      <Filter>r2</Filter>
    </ClInclude>
    <ClInclude Include="src\r2\r2_Rect.h">
      <Filter>r2</Filter>
    </ClInclude>
    <ClInclude Include="src\r2\r2_RectInt.h">
      <Filter>r2</Filter>
    </ClInclude>
    <ClInclude Include="src\r2\r2_Size.h">
      <Filter>r2</Filter>
    </ClInclude>
    <ClInclude Include="src\r2\r2_Timer.h">
      <Filter>r2</Filter>
    </ClInclude>
    <ClInclude Include="src\r2\r2_Timer_Float.h">
      <Filter>r2</Filter>
    </ClInclude>
    <ClInclude Include="src\r2\r2_FPSTimer.h">
      <Filter>r2</Filter>
    </ClInclude>
    <ClInclude Include="src\input\r2input_Constant.h">
      <Filter>input</Filter>
    </ClInclude>
    <ClInclude Include="src\input\r2input_KeyboardInputCollector.h">
      <Filter>input</Filter>
    </ClInclude>
    <ClInclude Include="src\input\r2input_KeyboardInputListener.h">
      <Filter>input</Filter>
    </ClInclude>
    <ClInclude Include="src\r2\r2_Singleton.h">
      <Filter>r2</Filter>
    </ClInclude>
    <ClInclude Include="src\test_r2cm\base_test.h">
      <Filter>test_r2cm</Filter>
    </ClInclude>
    <ClInclude Include="src\test_r2cm\empty_test.h">
      <Filter>test_r2cm</Filter>
    </ClInclude>
    <ClInclude Include="src\test_r2cm\inspector_test.h">
      <Filter>test_r2cm</Filter>
    </ClInclude>
    <ClInclude Include="src\test_r2cm\key_test.h">
      <Filter>test_r2cm</Filter>
    </ClInclude>
    <ClInclude Include="src\test_r2cm\window_input_test.h">
      <Filter>test_r2cm</Filter>
    </ClInclude>
    <ClInclude Include="src\test_r2cm\InputMenu.h">
      <Filter>test_r2cm</Filter>
    </ClInclude>
    <ClInclude Include="src\test_r2cm\RootMenu.h">
      <Filter>test_r2cm</Filter>
    </ClInclude>
    <ClInclude Include="src\r2cm\r2cm_Director.h">
      <Filter>r2cm</Filter>
    </ClInclude>
    <ClInclude Include="src\r2cm\r2cm_eTestEndAction.h">
      <Filter>r2cm</Filter>
    </ClInclude>
    <ClInclude Include="src\r2cm\r2cm_iItem.h">
      <Filter>r2cm</Filter>
    </ClInclude>
    <ClInclude Include="src\r2cm\r2cm_Menu.h">
      <Filter>r2cm</Filter>
    </ClInclude>
    <ClInclude Include="src\r2cm\r2cm_Inspector.h">
      <Filter>r2cm</Filter>
    </ClInclude>
  </ItemGroup>
  <ItemGroup>
    <Filter Include="r2">
      <UniqueIdentifier>{9759d01a-9cf9-4185-9299-841c8c4988b1}</UniqueIdentifier>
    </Filter>
    <Filter Include="test_r2cm">
      <UniqueIdentifier>{034bdfbb-95cf-4545-9d78-fea3afa17c7c}</UniqueIdentifier>
    </Filter>
    <Filter Include="r2cm">
      <UniqueIdentifier>{fbb86807-2446-4275-b7e7-dd7acc80e1b3}</UniqueIdentifier>
    </Filter>
    <Filter Include="input">
      <UniqueIdentifier>{5a55f406-d5e6-456d-93fe-e682821a921c}</UniqueIdentifier>
    </Filter>
  </ItemGroup>
</Project>