<?xml version="1.0" encoding="utf-8"?>
<Project ToolsVersion="4.0" xmlns="http://schemas.microsoft.com/developer/msbuild/2003">
  <ItemGroup>
    <ClCompile Include="src\main.cpp" />
    <ClCompile Include="src\RootMenu.cpp" />
    <ClCompile Include="src\r2tm\r2tm_Director.cpp">
      <Filter>r2tm</Filter>
    </ClCompile>
    <ClCompile Include="src\r2tm\r2tm_MenuProcessor.cpp">
      <Filter>r2tm</Filter>
    </ClCompile>
    <ClCompile Include="src\r2tm\r2tm_PrintBinary.cpp">
      <Filter>r2tm</Filter>
    </ClCompile>
    <ClCompile Include="src\r2tm\r2tm_PrintFile.cpp">
      <Filter>r2tm</Filter>
    </ClCompile>
    <ClCompile Include="src\r2tm\r2tm_StopWatch.cpp">
      <Filter>r2tm</Filter>
    </ClCompile>
    <ClCompile Include="src\r2tm\r2tm_WindowUtility.cpp">
      <Filter>r2tm</Filter>
    </ClCompile>
    <ClCompile Include="src\test\AnotherMenu.cpp">
      <Filter>test</Filter>
    </ClCompile>
    <ClCompile Include="src\test\test_base.cpp">
      <Filter>test</Filter>
    </ClCompile>
    <ClCompile Include="src\test\test_color_modifier.cpp">
      <Filter>test</Filter>
    </ClCompile>
    <ClCompile Include="src\test\test_empty.cpp">
      <Filter>test</Filter>
    </ClCompile>
    <ClCompile Include="src\test\test_key.cpp">
      <Filter>test</Filter>
    </ClCompile>
    <ClCompile Include="src\test\test_stop_watch.cpp">
      <Filter>test</Filter>
    </ClCompile>
    <ClCompile Include="src\test\Menu_Inspector.cpp">
      <Filter>test\inspector</Filter>
    </ClCompile>
    <ClCompile Include="src\test\test_inspector_base.cpp">
      <Filter>test\inspector</Filter>
    </ClCompile>
    <ClCompile Include="src\test\test_inspector_binary.cpp">
      <Filter>test\inspector</Filter>
    </ClCompile>
    <ClCompile Include="src\test\test_inspector_demo.cpp">
      <Filter>test\inspector</Filter>
    </ClCompile>
    <ClCompile Include="src\test\test_inspector_file.cpp">
      <Filter>test\inspector</Filter>
    </ClCompile>
    <ClCompile Include="src\test\test_inspector_source.cpp">
      <Filter>test\inspector</Filter>
    </ClCompile>
    <ClCompile Include="src\test\Menu_WindowUtility.cpp">
      <Filter>test\window_utility</Filter>
    </ClCompile>
    <ClCompile Include="src\test\test_window_utility_cursor_buffer.cpp">
      <Filter>test\window_utility</Filter>
    </ClCompile>
    <ClCompile Include="src\test\test_window_utility_base.cpp">
      <Filter>test\window_utility</Filter>
    </ClCompile>
    <ClCompile Include="src\test\test_window_utility_fill.cpp">
      <Filter>test\window_utility</Filter>
    </ClCompile>
  </ItemGroup>
  <ItemGroup>
    <ClInclude Include="src\RootMenu.h" />
    <ClInclude Include="src\r2tm\r2tm_ColorModifier.h">
      <Filter>r2tm</Filter>
    </ClInclude>
    <ClInclude Include="src\r2tm\r2tm_Director.h">
      <Filter>r2tm</Filter>
    </ClInclude>
    <ClInclude Include="src\r2tm\r2tm_iItem.h">
      <Filter>r2tm</Filter>
    </ClInclude>
    <ClInclude Include="src\r2tm\r2tm_iMenu.h">
      <Filter>r2tm</Filter>
    </ClInclude>
    <ClInclude Include="src\r2tm\r2tm_Inspector.h">
      <Filter>r2tm</Filter>
    </ClInclude>
    <ClInclude Include="src\r2tm\r2tm_MenuConstant.h">
      <Filter>r2tm</Filter>
    </ClInclude>
    <ClInclude Include="src\r2tm\r2tm_MenuProcessor.h">
      <Filter>r2tm</Filter>
    </ClInclude>
    <ClInclude Include="src\r2tm\r2tm_ostream.h">
      <Filter>r2tm</Filter>
    </ClInclude>
    <ClInclude Include="src\r2tm\r2tm_PrintBinary.h">
      <Filter>r2tm</Filter>
    </ClInclude>
    <ClInclude Include="src\r2tm\r2tm_PrintFile.h">
      <Filter>r2tm</Filter>
    </ClInclude>
    <ClInclude Include="src\r2tm\r2tm_StopWatch.h">
      <Filter>r2tm</Filter>
    </ClInclude>
    <ClInclude Include="src\r2tm\r2tm_VersionInfo.h">
      <Filter>r2tm</Filter>
    </ClInclude>
    <ClInclude Include="src\r2tm\r2tm_WindowUtility.h">
      <Filter>r2tm</Filter>
    </ClInclude>
    <ClInclude Include="src\test\AnotherMenu.h">
      <Filter>test</Filter>
    </ClInclude>
    <ClInclude Include="src\test\test_base.h">
      <Filter>test</Filter>
    </ClInclude>
    <ClInclude Include="src\test\test_color_modifier.h">
      <Filter>test</Filter>
    </ClInclude>
    <ClInclude Include="src\test\test_empty.h">
      <Filter>test</Filter>
    </ClInclude>
    <ClInclude Include="src\test\test_key.h">
      <Filter>test</Filter>
    </ClInclude>
    <ClInclude Include="src\test\test_stop_watch.h">
      <Filter>test</Filter>
    </ClInclude>
    <ClInclude Include="src\test\Menu_Inspector.h">
      <Filter>test\inspector</Filter>
    </ClInclude>
    <ClInclude Include="src\test\test_inspector_base.h">
      <Filter>test\inspector</Filter>
    </ClInclude>
    <ClInclude Include="src\test\test_inspector_binary.h">
      <Filter>test\inspector</Filter>
    </ClInclude>
    <ClInclude Include="src\test\test_inspector_demo.h">
      <Filter>test\inspector</Filter>
    </ClInclude>
    <ClInclude Include="src\test\test_inspector_file.h">
      <Filter>test\inspector</Filter>
    </ClInclude>
    <ClInclude Include="src\test\test_inspector_source.h">
      <Filter>test\inspector</Filter>
    </ClInclude>
    <ClInclude Include="src\test\Menu_WindowUtility.h">
      <Filter>test\window_utility</Filter>
    </ClInclude>
    <ClInclude Include="src\test\test_window_utility_cursor_buffer.h">
      <Filter>test\window_utility</Filter>
    </ClInclude>
    <ClInclude Include="src\test\test_window_utility_base.h">
      <Filter>test\window_utility</Filter>
    </ClInclude>
    <ClInclude Include="src\test\test_window_utility_fill.h">
      <Filter>test\window_utility</Filter>
    </ClInclude>
  </ItemGroup>
  <ItemGroup>
    <Filter Include="test">
      <UniqueIdentifier>{034bdfbb-95cf-4545-9d78-fea3afa17c7c}</UniqueIdentifier>
    </Filter>
    <Filter Include="r2tm">
      <UniqueIdentifier>{fbb86807-2446-4275-b7e7-dd7acc80e1b3}</UniqueIdentifier>
    </Filter>
    <Filter Include="test\inspector">
      <UniqueIdentifier>{775abd40-0071-4ba5-a20d-54d27916885a}</UniqueIdentifier>
    </Filter>
    <Filter Include="test\window_utility">
      <UniqueIdentifier>{b965f90a-636f-4d0f-bd78-e3f25ae3f38e}</UniqueIdentifier>
    </Filter>
  </ItemGroup>
</Project>