<?xml version="1.0" encoding="utf-8"?>
<Project ToolsVersion="4.0" xmlns="http://schemas.microsoft.com/developer/msbuild/2003">
  <ItemGroup>
    <ClCompile Include="src\main.cpp" />
    <ClCompile Include="src\menu_root.cpp" />
    <ClCompile Include="src\r2tm\r2tm_Director.cpp">
      <Filter>r2tm</Filter>
    </ClCompile>
    <ClCompile Include="src\r2tm\r2tm_MenuProcessor.cpp">
      <Filter>r2tm</Filter>
    </ClCompile>
    <ClCompile Include="src\r2tm\r2tm_PrintBinary.cpp">
      <Filter>r2tm</Filter>
    </ClCompile>
    <ClCompile Include="src\r2tm\r2tm_PrintFile.cpp">
      <Filter>r2tm</Filter>
    </ClCompile>
    <ClCompile Include="src\r2tm\r2tm_StopWatch.cpp">
      <Filter>r2tm</Filter>
    </ClCompile>
    <ClCompile Include="src\r2tm\r2tm_WindowsUtility.cpp">
      <Filter>r2tm</Filter>
    </ClCompile>
    <ClCompile Include="src\test\menu_test.cpp">
      <Filter>test</Filter>
    </ClCompile>
    <ClCompile Include="src\test\test_empty.cpp">
      <Filter>test</Filter>
    </ClCompile>
    <ClCompile Include="src\test\test_key.cpp">
      <Filter>test</Filter>
    </ClCompile>
    <ClCompile Include="src\test\menu_inspector.cpp">
      <Filter>test\inspector</Filter>
    </ClCompile>
    <ClCompile Include="src\test\test_inspector_base.cpp">
      <Filter>test\inspector</Filter>
    </ClCompile>
    <ClCompile Include="src\test\test_inspector_binary.cpp">
      <Filter>test\inspector</Filter>
    </ClCompile>
    <ClCompile Include="src\test\test_inspector_demo.cpp">
      <Filter>test\inspector</Filter>
    </ClCompile>
    <ClCompile Include="src\test\test_inspector_file.cpp">
      <Filter>test\inspector</Filter>
    </ClCompile>
    <ClCompile Include="src\test\test_inspector_source.cpp">
      <Filter>test\inspector</Filter>
    </ClCompile>
    <ClCompile Include="src\test\menu_windows_utility.cpp">
      <Filter>test\windows_utility</Filter>
    </ClCompile>
    <ClCompile Include="src\test\test_windows_utility_cursor_buffer.cpp">
      <Filter>test\windows_utility</Filter>
    </ClCompile>
    <ClCompile Include="src\test\test_windows_utility_base.cpp">
      <Filter>test\windows_utility</Filter>
    </ClCompile>
    <ClCompile Include="src\test\test_windows_utility_fill.cpp">
      <Filter>test\windows_utility</Filter>
    </ClCompile>
    <ClCompile Include="src\r2tm\r2tm_CacheCleaner.cpp">
      <Filter>r2tm</Filter>
    </ClCompile>
    <ClCompile Include="src\test\test_stop_watch.cpp">
      <Filter>test\stop_watch</Filter>
    </ClCompile>
    <ClCompile Include="src\test\menu_stop_watch.cpp">
      <Filter>test\stop_watch</Filter>
    </ClCompile>
    <ClCompile Include="src\test\Menu_CacheCleaner.cpp">
      <Filter>test\cache_cleaner</Filter>
    </ClCompile>
    <ClCompile Include="src\test\test_cache_cleaner.cpp">
      <Filter>test\cache_cleaner</Filter>
    </ClCompile>
    <ClCompile Include="src\test\test_color_modifier.cpp">
      <Filter>test\color_modifier</Filter>
    </ClCompile>
    <ClCompile Include="src\test\menu_color_modifier.cpp">
      <Filter>test\color_modifier</Filter>
    </ClCompile>
    <ClCompile Include="src\test\menu_leave_action.cpp">
      <Filter>test\leave_action</Filter>
    </ClCompile>
    <ClCompile Include="src\test\test_leave_action.cpp">
      <Filter>test\leave_action</Filter>
    </ClCompile>
    <ClCompile Include="src\version_viewer.cpp" />
  </ItemGroup>
  <ItemGroup>
    <ClInclude Include="src\menu_root.h" />
    <ClInclude Include="src\r2tm\r2tm_ColorModifier.h">
      <Filter>r2tm</Filter>
    </ClInclude>
    <ClInclude Include="src\r2tm\r2tm_Director.h">
      <Filter>r2tm</Filter>
    </ClInclude>
    <ClInclude Include="src\r2tm\r2tm_iItem.h">
      <Filter>r2tm</Filter>
    </ClInclude>
    <ClInclude Include="src\r2tm\r2tm_iMenu.h">
      <Filter>r2tm</Filter>
    </ClInclude>
    <ClInclude Include="src\r2tm\r2tm_Inspector.h">
      <Filter>r2tm</Filter>
    </ClInclude>
    <ClInclude Include="src\r2tm\r2tm_MenuConstant.h">
      <Filter>r2tm</Filter>
    </ClInclude>
    <ClInclude Include="src\r2tm\r2tm_MenuProcessor.h">
      <Filter>r2tm</Filter>
    </ClInclude>
    <ClInclude Include="src\r2tm\r2tm_ostream.h">
      <Filter>r2tm</Filter>
    </ClInclude>
    <ClInclude Include="src\r2tm\r2tm_PrintBinary.h">
      <Filter>r2tm</Filter>
    </ClInclude>
    <ClInclude Include="src\r2tm\r2tm_PrintFile.h">
      <Filter>r2tm</Filter>
    </ClInclude>
    <ClInclude Include="src\r2tm\r2tm_StopWatch.h">
      <Filter>r2tm</Filter>
    </ClInclude>
    <ClInclude Include="src\r2tm\r2tm_VersionInfo.h">
      <Filter>r2tm</Filter>
    </ClInclude>
    <ClInclude Include="src\r2tm\r2tm_WindowsUtility.h">
      <Filter>r2tm</Filter>
    </ClInclude>
    <ClInclude Include="src\test\menu_test.h">
      <Filter>test</Filter>
    </ClInclude>
    <ClInclude Include="src\test\test_empty.h">
      <Filter>test</Filter>
    </ClInclude>
    <ClInclude Include="src\test\test_key.h">
      <Filter>test</Filter>
    </ClInclude>
    <ClInclude Include="src\test\menu_inspector.h">
      <Filter>test\inspector</Filter>
    </ClInclude>
    <ClInclude Include="src\test\test_inspector_base.h">
      <Filter>test\inspector</Filter>
    </ClInclude>
    <ClInclude Include="src\test\test_inspector_binary.h">
      <Filter>test\inspector</Filter>
    </ClInclude>
    <ClInclude Include="src\test\test_inspector_demo.h">
      <Filter>test\inspector</Filter>
    </ClInclude>
    <ClInclude Include="src\test\test_inspector_file.h">
      <Filter>test\inspector</Filter>
    </ClInclude>
    <ClInclude Include="src\test\test_inspector_source.h">
      <Filter>test\inspector</Filter>
    </ClInclude>
    <ClInclude Include="src\test\menu_windows_utility.h">
      <Filter>test\windows_utility</Filter>
    </ClInclude>
    <ClInclude Include="src\test\test_windows_utility_cursor_buffer.h">
      <Filter>test\windows_utility</Filter>
    </ClInclude>
    <ClInclude Include="src\test\test_windows_utility_base.h">
      <Filter>test\windows_utility</Filter>
    </ClInclude>
    <ClInclude Include="src\test\test_windows_utility_fill.h">
      <Filter>test\windows_utility</Filter>
    </ClInclude>
    <ClInclude Include="src\r2tm\r2tm_CacheCleaner.h">
      <Filter>r2tm</Filter>
    </ClInclude>
    <ClInclude Include="src\test\test_stop_watch.h">
      <Filter>test\stop_watch</Filter>
    </ClInclude>
    <ClInclude Include="src\test\menu_stop_watch.h">
      <Filter>test\stop_watch</Filter>
    </ClInclude>
    <ClInclude Include="src\test\Menu_CacheCleaner.h">
      <Filter>test\cache_cleaner</Filter>
    </ClInclude>
    <ClInclude Include="src\test\test_cache_cleaner.h">
      <Filter>test\cache_cleaner</Filter>
    </ClInclude>
    <ClInclude Include="src\r2tm\r2tm_Color.h">
      <Filter>r2tm</Filter>
    </ClInclude>
    <ClInclude Include="src\test\test_color_modifier.h">
      <Filter>test\color_modifier</Filter>
    </ClInclude>
    <ClInclude Include="src\test\menu_color_modifier.h">
      <Filter>test\color_modifier</Filter>
    </ClInclude>
    <ClInclude Include="src\test\menu_leave_action.h">
      <Filter>test\leave_action</Filter>
    </ClInclude>
    <ClInclude Include="src\test\test_leave_action.h">
      <Filter>test\leave_action</Filter>
    </ClInclude>
    <ClInclude Include="src\version_viewer.h" />
  </ItemGroup>
  <ItemGroup>
    <Filter Include="test">
      <UniqueIdentifier>{034bdfbb-95cf-4545-9d78-fea3afa17c7c}</UniqueIdentifier>
    </Filter>
    <Filter Include="r2tm">
      <UniqueIdentifier>{fbb86807-2446-4275-b7e7-dd7acc80e1b3}</UniqueIdentifier>
    </Filter>
    <Filter Include="test\inspector">
      <UniqueIdentifier>{775abd40-0071-4ba5-a20d-54d27916885a}</UniqueIdentifier>
    </Filter>
    <Filter Include="test\stop_watch">
      <UniqueIdentifier>{4858afea-8455-4f36-97f5-210e8a114dfa}</UniqueIdentifier>
    </Filter>
    <Filter Include="test\cache_cleaner">
      <UniqueIdentifier>{99b1286f-a029-4fb3-a75e-7bb253168da7}</UniqueIdentifier>
    </Filter>
    <Filter Include="test\color_modifier">
      <UniqueIdentifier>{9ed31efe-4a0b-4380-ac33-4be6e3fe7fe9}</UniqueIdentifier>
    </Filter>
    <Filter Include="test\leave_action">
      <UniqueIdentifier>{b88dc298-d6fd-4a09-94b8-d60173630fad}</UniqueIdentifier>
    </Filter>
    <Filter Include="test\windows_utility">
      <UniqueIdentifier>{b965f90a-636f-4d0f-bd78-e3f25ae3f38e}</UniqueIdentifier>
    </Filter>
  </ItemGroup>
</Project>