<?xml version="1.0" encoding="utf-8"?>
<Project ToolsVersion="4.0" xmlns="http://schemas.microsoft.com/developer/msbuild/2003">
  <ItemGroup>
    <Filter Include="base">
      <UniqueIdentifier>{81ab3847-2894-4251-856b-66f39b090229}</UniqueIdentifier>
    </Filter>
    <Filter Include="renderer">
      <UniqueIdentifier>{be80c73b-e527-4390-b97a-375d1ec30d49}</UniqueIdentifier>
    </Filter>
    <Filter Include="menu">
      <UniqueIdentifier>{b9566801-30ec-4d55-bd6d-040901fc06e3}</UniqueIdentifier>
    </Filter>
    <Filter Include="test">
      <UniqueIdentifier>{67d9768a-fea8-45b6-946a-ffcda4f541b1}</UniqueIdentifier>
    </Filter>
    <Filter Include="r2">
      <UniqueIdentifier>{fcf9b28f-6f2a-4644-b365-01d919e85a1c}</UniqueIdentifier>
    </Filter>
    <Filter Include="research">
      <UniqueIdentifier>{0816d7e8-1eea-40da-b028-99c353a97dcb}</UniqueIdentifier>
    </Filter>
    <Filter Include="input">
      <UniqueIdentifier>{59856341-1623-4080-9a5d-44841072825a}</UniqueIdentifier>
    </Filter>
  </ItemGroup>
  <ItemGroup>
    <ClCompile Include="src\main.cpp" />
    <ClCompile Include="src\pch.cpp" />
    <ClCompile Include="src\base\r2_Director.cpp">
      <Filter>base</Filter>
    </ClCompile>
    <ClCompile Include="src\base\r2_Menu.cpp">
      <Filter>base</Filter>
    </ClCompile>
    <ClCompile Include="src\menu\r2_RootMenu.cpp">
      <Filter>menu</Filter>
    </ClCompile>
    <ClCompile Include="src\test\animation_test.cpp">
      <Filter>test</Filter>
    </ClCompile>
    <ClCompile Include="src\test\camera_test.cpp">
      <Filter>test</Filter>
    </ClCompile>
    <ClCompile Include="src\test\key_test.cpp">
      <Filter>test</Filter>
    </ClCompile>
    <ClCompile Include="src\test\rect_test.cpp">
      <Filter>test</Filter>
    </ClCompile>
    <ClCompile Include="src\test\renderer_test.cpp">
      <Filter>test</Filter>
    </ClCompile>
    <ClCompile Include="src\r2\r2_PointInt.cpp">
      <Filter>r2</Filter>
    </ClCompile>
    <ClCompile Include="src\r2\r2_RectInt.cpp">
      <Filter>r2</Filter>
    </ClCompile>
    <ClCompile Include="src\r2\r2_Size.cpp">
      <Filter>r2</Filter>
    </ClCompile>
    <ClCompile Include="src\r2\r2_Timer_Float.cpp">
      <Filter>r2</Filter>
    </ClCompile>
    <ClCompile Include="src\renderer\r2_Camera.cpp">
      <Filter>renderer</Filter>
    </ClCompile>
    <ClCompile Include="src\renderer\r2_GridIndexConverter.cpp">
      <Filter>renderer</Filter>
    </ClCompile>
    <ClCompile Include="src\renderer\r2_Renderer.cpp">
      <Filter>renderer</Filter>
    </ClCompile>
    <ClCompile Include="src\renderer\r2_VisibleResource.cpp">
      <Filter>renderer</Filter>
    </ClCompile>
    <ClCompile Include="src\menu\r2_ResearchMenu.cpp">
      <Filter>menu</Filter>
    </ClCompile>
    <ClCompile Include="src\research\flickering_research.cpp">
      <Filter>research</Filter>
    </ClCompile>
    <ClCompile Include="src\test\framebuffer_test.cpp">
      <Filter>test</Filter>
    </ClCompile>
    <ClCompile Include="src\renderer\r2_FrameBuffer.cpp">
      <Filter>renderer</Filter>
    </ClCompile>
    <ClCompile Include="src\test\visible_resource_test.cpp">
      <Filter>test</Filter>
    </ClCompile>
    <ClCompile Include="src\research\visible_resource_research.cpp">
      <Filter>research</Filter>
    </ClCompile>
    <ClCompile Include="src\menu\r2_VisibleResourceMenu.cpp">
      <Filter>menu</Filter>
    </ClCompile>
    <ClCompile Include="src\menu\r2_CameraMenu.cpp">
      <Filter>menu</Filter>
    </ClCompile>
    <ClCompile Include="src\menu\r2_RendererMenu.cpp">
      <Filter>menu</Filter>
    </ClCompile>
    <ClCompile Include="src\menu\r2_FrameBufferMenu.cpp">
      <Filter>menu</Filter>
    </ClCompile>
    <ClCompile Include="src\menu\r2_InputMenu.cpp">
      <Filter>menu</Filter>
    </ClCompile>
    <ClCompile Include="src\test\window_input_test.cpp">
      <Filter>test</Filter>
    </ClCompile>
    <ClCompile Include="src\input\r2_input_Constant.cpp">
      <Filter>input</Filter>
    </ClCompile>
    <ClCompile Include="src\input\r2_input_KeyboardInputCollector.cpp">
      <Filter>input</Filter>
    </ClCompile>
    <ClCompile Include="src\input\r2_input_KeyboardInputListener.cpp">
      <Filter>input</Filter>
    </ClCompile>
    <ClCompile Include="src\renderer\r2_FPSTimer.cpp">
      <Filter>renderer</Filter>
    </ClCompile>
  </ItemGroup>
  <ItemGroup>
    <ClInclude Include="src\pch.h" />
    <ClInclude Include="src\base\r2_Director.h">
      <Filter>base</Filter>
    </ClInclude>
    <ClInclude Include="src\base\r2_eTestResult.h">
      <Filter>base</Filter>
    </ClInclude>
    <ClInclude Include="src\base\r2_iTest.h">
      <Filter>base</Filter>
    </ClInclude>
    <ClInclude Include="src\base\r2_Menu.h">
      <Filter>base</Filter>
    </ClInclude>
    <ClInclude Include="src\base\r2_Singleton.h">
      <Filter>base</Filter>
    </ClInclude>
    <ClInclude Include="src\menu\r2_RootMenu.h">
      <Filter>menu</Filter>
    </ClInclude>
    <ClInclude Include="src\test\animation_test.h">
      <Filter>test</Filter>
    </ClInclude>
    <ClInclude Include="src\test\camera_test.h">
      <Filter>test</Filter>
    </ClInclude>
    <ClInclude Include="src\test\key_test.h">
      <Filter>test</Filter>
    </ClInclude>
    <ClInclude Include="src\test\rect_test.h">
      <Filter>test</Filter>
    </ClInclude>
    <ClInclude Include="src\test\renderer_test.h">
      <Filter>test</Filter>
    </ClInclude>
    <ClInclude Include="src\r2\r2_Point.h">
      <Filter>r2</Filter>
    </ClInclude>
    <ClInclude Include="src\r2\r2_PointInt.h">
      <Filter>r2</Filter>
    </ClInclude>
    <ClInclude Include="src\r2\r2_Rect.h">
      <Filter>r2</Filter>
    </ClInclude>
    <ClInclude Include="src\r2\r2_RectInt.h">
      <Filter>r2</Filter>
    </ClInclude>
    <ClInclude Include="src\r2\r2_Size.h">
      <Filter>r2</Filter>
    </ClInclude>
    <ClInclude Include="src\r2\r2_Timer.h">
      <Filter>r2</Filter>
    </ClInclude>
    <ClInclude Include="src\r2\r2_Timer_Float.h">
      <Filter>r2</Filter>
    </ClInclude>
    <ClInclude Include="src\renderer\r2_VisibleResource.h">
      <Filter>renderer</Filter>
    </ClInclude>
    <ClInclude Include="src\renderer\r2_Camera.h">
      <Filter>renderer</Filter>
    </ClInclude>
    <ClInclude Include="src\renderer\r2_GridIndexConverter.h">
      <Filter>renderer</Filter>
    </ClInclude>
    <ClInclude Include="src\renderer\r2_iRenderable.h">
      <Filter>renderer</Filter>
    </ClInclude>
    <ClInclude Include="src\renderer\r2_Renderer.h">
      <Filter>renderer</Filter>
    </ClInclude>
    <ClInclude Include="src\menu\r2_ResearchMenu.h">
      <Filter>menu</Filter>
    </ClInclude>
    <ClInclude Include="src\research\flickering_research.h">
      <Filter>research</Filter>
    </ClInclude>
    <ClInclude Include="src\test\framebuffer_test.h">
      <Filter>test</Filter>
    </ClInclude>
    <ClInclude Include="src\renderer\r2_FrameBuffer.h">
      <Filter>renderer</Filter>
    </ClInclude>
    <ClInclude Include="src\test\visible_resource_test.h">
      <Filter>test</Filter>
    </ClInclude>
    <ClInclude Include="src\research\visible_resource_research.h">
      <Filter>research</Filter>
    </ClInclude>
    <ClInclude Include="src\menu\r2_VisibleResourceMenu.h">
      <Filter>menu</Filter>
    </ClInclude>
    <ClInclude Include="src\menu\r2_CameraMenu.h">
      <Filter>menu</Filter>
    </ClInclude>
    <ClInclude Include="src\menu\r2_RendererMenu.h">
      <Filter>menu</Filter>
    </ClInclude>
    <ClInclude Include="src\menu\r2_FrameBufferMenu.h">
      <Filter>menu</Filter>
    </ClInclude>
    <ClInclude Include="src\menu\r2_InputMenu.h">
      <Filter>menu</Filter>
    </ClInclude>
    <ClInclude Include="src\test\window_input_test.h">
      <Filter>test</Filter>
    </ClInclude>
    <ClInclude Include="src\input\r2_input_Constant.h">
      <Filter>input</Filter>
    </ClInclude>
    <ClInclude Include="src\input\r2_input_KeyboardInputCollector.h">
      <Filter>input</Filter>
    </ClInclude>
    <ClInclude Include="src\input\r2_input_KeyboardInputListener.h">
      <Filter>input</Filter>
    </ClInclude>
    <ClInclude Include="src\renderer\r2_FPSTimer.h">
      <Filter>renderer</Filter>
    </ClInclude>
  </ItemGroup>
</Project>